
Microsoft Visual Studio Solution File, Format Version 12.00
# Visual Studio Version 17
VisualStudioVersion = 17.6.33815.320
MinimumVisualStudioVersion = 10.0.40219.1
Project("{9A19103F-16F7-4668-BE54-9A1E7A4F7556}") = "NoteApp", "NoteApp\NoteApp.csproj", "{498C4C64-27F2-4F51-84BD-12ADECDC9897}"
EndProject
Project("{FAE04EC0-301F-11D3-BF4B-00C04F79EFBC}") = "NoteAppTest", "NoteAppTest\NoteAppTest.csproj", "{ED309C98-B1E7-4126-9DC7-D63268BC3A6F}"
EndProject
Global
	GlobalSection(SolutionConfigurationPlatforms) = preSolution
		Debug|Any CPU = Debug|Any CPU
		Release|Any CPU = Release|Any CPU
	EndGlobalSection
	GlobalSection(ProjectConfigurationPlatforms) = postSolution
		{498C4C64-27F2-4F51-84BD-12ADECDC9897}.Debug|Any CPU.ActiveCfg = Debug|Any CPU
		{498C4C64-27F2-4F51-84BD-12ADECDC9897}.Debug|Any CPU.Build.0 = Debug|Any CPU
		{498C4C64-27F2-4F51-84BD-12ADECDC9897}.Release|Any CPU.ActiveCfg = Release|Any CPU
		{498C4C64-27F2-4F51-84BD-12ADECDC9897}.Release|Any CPU.Build.0 = Release|Any CPU
		{ED309C98-B1E7-4126-9DC7-D63268BC3A6F}.Debug|Any CPU.ActiveCfg = Debug|Any CPU
		{ED309C98-B1E7-4126-9DC7-D63268BC3A6F}.Debug|Any CPU.Build.0 = Debug|Any CPU
		{ED309C98-B1E7-4126-9DC7-D63268BC3A6F}.Release|Any CPU.ActiveCfg = Release|Any CPU
		{ED309C98-B1E7-4126-9DC7-D63268BC3A6F}.Release|Any CPU.Build.0 = Release|Any CPU
	EndGlobalSection
	GlobalSection(SolutionProperties) = preSolution
		HideSolutionNode = FALSE
	EndGlobalSection
	GlobalSection(ExtensibilityGlobals) = postSolution
		SolutionGuid = {D0209158-60FA-4DF7-810A-BE795018BFE5}
	EndGlobalSection
EndGlobal
